<?xml version="1.0" encoding="utf-8"?>
<Project ToolsVersion="4.0" xmlns="http://schemas.microsoft.com/developer/msbuild/2003">
  <ItemGroup>
    <ClCompile Include="Landscape3DSceneRenderer.cpp">
      <Filter>Landscape</Filter>
    </ClCompile>
    <ClCompile Include="Body3DRenderer.cpp">
      <Filter>Kinect</Filter>
    </ClCompile>
    <ClCompile Include="BodyBasics.cpp">
      <Filter>Kinect</Filter>
    </ClCompile>
    <ClCompile Include="Main.cpp" />
    <ClCompile Include="Camera.cpp">
      <Filter>Helper</Filter>
    </ClCompile>
    <ClCompile Include="D3Device.cpp">
      <Filter>Helper</Filter>
    </ClCompile>
    <ClCompile Include="Graphics.cpp">
      <Filter>Helper</Filter>
    </ClCompile>
    <ClCompile Include="Input.cpp">
      <Filter>Helper</Filter>
    </ClCompile>
    <ClCompile Include="Kinect.cpp">
      <Filter>Helper</Filter>
    </ClCompile>
    <ClCompile Include="Model.cpp">
      <Filter>Landscape</Filter>
    </ClCompile>
    <ClCompile Include="System.cpp">
      <Filter>Helper</Filter>
    </ClCompile>
    <ClCompile Include="RigJoint.cpp">
      <Filter>Kinect</Filter>
    </ClCompile>
    <ClCompile Include="HorizontalBlurShader.cpp">
      <Filter>PostFx</Filter>
    </ClCompile>
    <ClCompile Include="RenderTexture.cpp">
      <Filter>PostFx</Filter>
    </ClCompile>
    <ClCompile Include="VerticalBlurShader.cpp">
      <Filter>PostFx</Filter>
    </ClCompile>
    <ClCompile Include="OrthoWindow.cpp">
      <Filter>Helper</Filter>
    </ClCompile>
    <ClCompile Include="Texture.cpp">
      <Filter>Helper</Filter>
    </ClCompile>
    <ClCompile Include="TextureShader.cpp">
      <Filter>Helper</Filter>
    </ClCompile>
  </ItemGroup>
  <ItemGroup>
    <ClInclude Include="Landscape3DSceneRenderer.h">
      <Filter>Landscape</Filter>
    </ClInclude>
    <ClInclude Include="Body3DRenderer.h">
      <Filter>Kinect</Filter>
    </ClInclude>
    <ClInclude Include="BodyBasics.h">
      <Filter>Kinect</Filter>
    </ClInclude>
    <ClInclude Include="resource.h">
      <Filter>Helper</Filter>
    </ClInclude>
    <ClInclude Include="Camera.h">
      <Filter>Helper</Filter>
    </ClInclude>
    <ClInclude Include="D3Device.h">
      <Filter>Helper</Filter>
    </ClInclude>
    <ClInclude Include="Graphics.h">
      <Filter>Helper</Filter>
    </ClInclude>
    <ClInclude Include="Input.h">
      <Filter>Helper</Filter>
    </ClInclude>
    <ClInclude Include="Kinect.h">
      <Filter>Helper</Filter>
    </ClInclude>
    <ClInclude Include="Model.h">
      <Filter>Landscape</Filter>
    </ClInclude>
    <ClInclude Include="System.h">
      <Filter>Helper</Filter>
    </ClInclude>
    <ClInclude Include="RigJoint.h">
      <Filter>Kinect</Filter>
    </ClInclude>
    <ClInclude Include="ShaderStructures.h">
      <Filter>Helper</Filter>
    </ClInclude>
    <ClInclude Include="HorizontalBlurShader.h">
      <Filter>PostFx</Filter>
    </ClInclude>
    <ClInclude Include="RenderTexture.h">
      <Filter>PostFx</Filter>
    </ClInclude>
    <ClInclude Include="VerticalBlurShader.h">
      <Filter>PostFx</Filter>
    </ClInclude>
    <ClInclude Include="OrthoWindow.h">
      <Filter>Helper</Filter>
    </ClInclude>
    <ClInclude Include="Texture.h">
      <Filter>Helper</Filter>
    </ClInclude>
    <ClInclude Include="TextureShader.h">
      <Filter>Helper</Filter>
    </ClInclude>
  </ItemGroup>
  <ItemGroup>
    <Image Include="app.ico" />
  </ItemGroup>
  <ItemGroup>
    <Filter Include="Landscape">
      <UniqueIdentifier>{7f061107-80e9-49ef-af77-e26a86ebe125}</UniqueIdentifier>
    </Filter>
    <Filter Include="Kinect">
      <UniqueIdentifier>{1b8c8f81-4441-40d2-b40d-5c74bd19b893}</UniqueIdentifier>
    </Filter>
    <Filter Include="Helper">
      <UniqueIdentifier>{aaa003d1-d1ee-4dc6-a2cf-c81419fe4d78}</UniqueIdentifier>
    </Filter>
    <Filter Include="PostFx">
      <UniqueIdentifier>{27153ccf-d0f6-42d7-b91d-4d20367b2b15}</UniqueIdentifier>
    </Filter>
  </ItemGroup>
  <ItemGroup>
    <None Include="BodyVertexShader.hlsl">
      <Filter>Kinect</Filter>
    </None>
    <None Include="BodyPixelShader.hlsl">
      <Filter>Kinect</Filter>
    </None>
    <None Include="TextureVertexShader.hlsl">
      <Filter>Helper</Filter>
    </None>
  </ItemGroup>
  <ItemGroup>
    <FxCompile Include="HorizontalBlurPs.hlsl">
      <Filter>PostFx</Filter>
    </FxCompile>
    <FxCompile Include="HorizontalBlurVs.hlsl">
      <Filter>PostFx</Filter>
    </FxCompile>
    <FxCompile Include="VerticalBlurShaderPs.hlsl">
      <Filter>PostFx</Filter>
    </FxCompile>
    <FxCompile Include="VerticalBlurShaderVs.hlsl">
      <Filter>PostFx</Filter>
    </FxCompile>
    <FxCompile Include="TexturePixelShader.hlsl">
      <Filter>Helper</Filter>
    </FxCompile>
  </ItemGroup>
</Project>